
Microsoft Visual Studio Solution File, Format Version 12.00
# Visual Studio Version 17
VisualStudioVersion = 17.14.36109.1
MinimumVisualStudioVersion = 10.0.40219.1
Project("{FAE04EC0-301F-11D3-BF4B-00C04F79EFBC}") = "WOTRMultiplayer", "WOTRMultiplayer\WOTRMultiplayer.csproj", "{2C4355F0-15EE-468F-8209-173589B23264}"
EndProject
Project("{FAE04EC0-301F-11D3-BF4B-00C04F79EFBC}") = "WOTRMultiplayer.Networking", "WOTRMultiplayer.Networking\WOTRMultiplayer.Networking.csproj", "{04F52CFC-45A2-4819-AD53-04903D1746A3}"
EndProject
Project("{FAE04EC0-301F-11D3-BF4B-00C04F79EFBC}") = "WOTRMultiplayer.Playground", "WOTRMultiplayer.Playground\WOTRMultiplayer.Playground.csproj", "{9EE1B41A-8074-488B-A064-FCECE1AB1346}"
EndProject
Global
	GlobalSection(SolutionConfigurationPlatforms) = preSolution
		Debug|Any CPU = Debug|Any CPU
		Release|Any CPU = Release|Any CPU
	EndGlobalSection
	GlobalSection(ProjectConfigurationPlatforms) = postSolution
		{2C4355F0-15EE-468F-8209-173589B23264}.Debug|Any CPU.ActiveCfg = Debug|Any CPU
		{2C4355F0-15EE-468F-8209-173589B23264}.Debug|Any CPU.Build.0 = Debug|Any CPU
		{2C4355F0-15EE-468F-8209-173589B23264}.Release|Any CPU.ActiveCfg = Release|Any CPU
		{2C4355F0-15EE-468F-8209-173589B23264}.Release|Any CPU.Build.0 = Release|Any CPU
		{04F52CFC-45A2-4819-AD53-04903D1746A3}.Debug|Any CPU.ActiveCfg = Debug|Any CPU
		{04F52CFC-45A2-4819-AD53-04903D1746A3}.Debug|Any CPU.Build.0 = Debug|Any CPU
		{04F52CFC-45A2-4819-AD53-04903D1746A3}.Release|Any CPU.ActiveCfg = Release|Any CPU
		{04F52CFC-45A2-4819-AD53-04903D1746A3}.Release|Any CPU.Build.0 = Release|Any CPU
		{9EE1B41A-8074-488B-A064-FCECE1AB1346}.Debug|Any CPU.ActiveCfg = Debug|Any CPU
		{9EE1B41A-8074-488B-A064-FCECE1AB1346}.Debug|Any CPU.Build.0 = Debug|Any CPU
		{9EE1B41A-8074-488B-A064-FCECE1AB1346}.Release|Any CPU.ActiveCfg = Release|Any CPU
		{9EE1B41A-8074-488B-A064-FCECE1AB1346}.Release|Any CPU.Build.0 = Release|Any CPU
	EndGlobalSection
	GlobalSection(SolutionProperties) = preSolution
		HideSolutionNode = FALSE
	EndGlobalSection
	GlobalSection(ExtensibilityGlobals) = postSolution
		SolutionGuid = {B43A7EA1-8AF0-4A3B-A57E-B977C7302830}
	EndGlobalSection
EndGlobal
